{
  "name": "fix-colors-oom",
  "version": "1.0.0",
  "lockfileVersion": 2,
  "requires": true,
  "packages": {
    "": {
      "version": "1.0.0",
      "license": "ISC",
      "dependencies": {
        "recursive-readdir-sync": "^1.0.6"
      },
      "devDependencies": {
        "typescript": "^4.5.4"
      }
    },
    "node_modules/recursive-readdir-sync": {
      "version": "1.0.6",
      "resolved": "http://npm.idcvdian.com/recursive-readdir-sync/download/recursive-readdir-sync-1.0.6.tgz",
      "integrity": "sha1-Hb9tMvPFu4083pemxYjVR6nhPVY=",
      "license": "MIT"
    },
    "node_modules/typescript": {
      "version": "4.5.4",
      "resolved": "http://npm.idcvdian.com/typescript/download/typescript-4.5.4.tgz",
      "integrity": "sha1-oX06AmO/XIcjucUvQ8UITt8Twug=",
      "dev": true,
      "license": "Apache-2.0",
      "bin": {
        "tsc": "bin/tsc",
        "tsserver": "bin/tsserver"
      },
      "engines": {
        "node": ">=4.2.0"
      }
    }
  },
  "dependencies": {
    "recursive-readdir-sync": {
      "version": "1.0.6",
      "resolved": "http://npm.idcvdian.com/recursive-readdir-sync/download/recursive-readdir-sync-1.0.6.tgz",
      "integrity": "sha1-Hb9tMvPFu4083pemxYjVR6nhPVY="
    },
    "typescript": {
      "version": "4.5.4",
      "resolved": "http://npm.idcvdian.com/typescript/download/typescript-4.5.4.tgz",
      "integrity": "sha1-oX06AmO/XIcjucUvQ8UITt8Twug=",
      "dev": true
    }
  }
}
